
Microsoft Visual Studio Solution File, Format Version 12.00
# Visual Studio Version 17
VisualStudioVersion = 17.14.37027.9
MinimumVisualStudioVersion = 10.0.40219.1
Project("{FAE04EC0-301F-11D3-BF4B-00C04F79EFBC}") = "NeuralNet.Core", "NeuralNet.Core\NeuralNet.Core.csproj", "{C1D89E55-7CFF-4589-8338-BEE155BBD4C4}"
EndProject
Project("{2150E333-8FDC-42A3-9474-1A3956D46DE8}") = "Core", "Core", "{02EA681E-C7D8-13C7-8484-4AC65E1B71E8}"
EndProject
Project("{FAE04EC0-301F-11D3-BF4B-00C04F79EFBC}") = "NeuralNet.Persistence", "NeuralNet.Persistence\NeuralNet.Persistence.csproj", "{446412C9-F8B9-4282-B94F-31D425AE69EB}"
EndProject
Project("{2150E333-8FDC-42A3-9474-1A3956D46DE8}") = "Training", "Training", "{8576A4AF-6572-42FB-BF9F-E990210723E2}"
EndProject
Project("{FAE04EC0-301F-11D3-BF4B-00C04F79EFBC}") = "NeuralNet.Training", "NeuralNet.Training\NeuralNet.Training.csproj", "{17AA9910-44C7-4CEE-A692-F436459857F0}"
EndProject
Project("{2150E333-8FDC-42A3-9474-1A3956D46DE8}") = "Interface", "Interface", "{890FE881-C493-485C-A7C4-530D0B1E217D}"
EndProject
Project("{FAE04EC0-301F-11D3-BF4B-00C04F79EFBC}") = "NeuralNet.Training.WPF", "NeuralNet.Training.WPF\NeuralNet.Training.WPF.csproj", "{8C5DFE6C-BD92-40C0-B74D-3A6C98E1AC56}"
EndProject
Project("{FAE04EC0-301F-11D3-BF4B-00C04F79EFBC}") = "NeuralNet.Interface", "NeuralNet.Interface\NeuralNet.Interface.csproj", "{0516777B-0AC5-438B-BE76-F152DA1FC475}"
EndProject
Global
	GlobalSection(SolutionConfigurationPlatforms) = preSolution
		Debug|Any CPU = Debug|Any CPU
		Release|Any CPU = Release|Any CPU
	EndGlobalSection
	GlobalSection(ProjectConfigurationPlatforms) = postSolution
		{C1D89E55-7CFF-4589-8338-BEE155BBD4C4}.Debug|Any CPU.ActiveCfg = Debug|Any CPU
		{C1D89E55-7CFF-4589-8338-BEE155BBD4C4}.Debug|Any CPU.Build.0 = Debug|Any CPU
		{C1D89E55-7CFF-4589-8338-BEE155BBD4C4}.Release|Any CPU.ActiveCfg = Release|Any CPU
		{C1D89E55-7CFF-4589-8338-BEE155BBD4C4}.Release|Any CPU.Build.0 = Release|Any CPU
		{446412C9-F8B9-4282-B94F-31D425AE69EB}.Debug|Any CPU.ActiveCfg = Debug|Any CPU
		{446412C9-F8B9-4282-B94F-31D425AE69EB}.Debug|Any CPU.Build.0 = Debug|Any CPU
		{446412C9-F8B9-4282-B94F-31D425AE69EB}.Release|Any CPU.ActiveCfg = Release|Any CPU
		{446412C9-F8B9-4282-B94F-31D425AE69EB}.Release|Any CPU.Build.0 = Release|Any CPU
		{17AA9910-44C7-4CEE-A692-F436459857F0}.Debug|Any CPU.ActiveCfg = Debug|Any CPU
		{17AA9910-44C7-4CEE-A692-F436459857F0}.Debug|Any CPU.Build.0 = Debug|Any CPU
		{17AA9910-44C7-4CEE-A692-F436459857F0}.Release|Any CPU.ActiveCfg = Release|Any CPU
		{17AA9910-44C7-4CEE-A692-F436459857F0}.Release|Any CPU.Build.0 = Release|Any CPU
		{8C5DFE6C-BD92-40C0-B74D-3A6C98E1AC56}.Debug|Any CPU.ActiveCfg = Debug|Any CPU
		{8C5DFE6C-BD92-40C0-B74D-3A6C98E1AC56}.Debug|Any CPU.Build.0 = Debug|Any CPU
		{8C5DFE6C-BD92-40C0-B74D-3A6C98E1AC56}.Release|Any CPU.ActiveCfg = Release|Any CPU
		{8C5DFE6C-BD92-40C0-B74D-3A6C98E1AC56}.Release|Any CPU.Build.0 = Release|Any CPU
		{0516777B-0AC5-438B-BE76-F152DA1FC475}.Debug|Any CPU.ActiveCfg = Debug|Any CPU
		{0516777B-0AC5-438B-BE76-F152DA1FC475}.Debug|Any CPU.Build.0 = Debug|Any CPU
		{0516777B-0AC5-438B-BE76-F152DA1FC475}.Release|Any CPU.ActiveCfg = Release|Any CPU
		{0516777B-0AC5-438B-BE76-F152DA1FC475}.Release|Any CPU.Build.0 = Release|Any CPU
	EndGlobalSection
	GlobalSection(SolutionProperties) = preSolution
		HideSolutionNode = FALSE
	EndGlobalSection
	GlobalSection(NestedProjects) = preSolution
		{C1D89E55-7CFF-4589-8338-BEE155BBD4C4} = {02EA681E-C7D8-13C7-8484-4AC65E1B71E8}
		{446412C9-F8B9-4282-B94F-31D425AE69EB} = {02EA681E-C7D8-13C7-8484-4AC65E1B71E8}
		{17AA9910-44C7-4CEE-A692-F436459857F0} = {8576A4AF-6572-42FB-BF9F-E990210723E2}
		{8C5DFE6C-BD92-40C0-B74D-3A6C98E1AC56} = {8576A4AF-6572-42FB-BF9F-E990210723E2}
		{0516777B-0AC5-438B-BE76-F152DA1FC475} = {890FE881-C493-485C-A7C4-530D0B1E217D}
	EndGlobalSection
	GlobalSection(ExtensibilityGlobals) = postSolution
		SolutionGuid = {5FE3BB81-EB56-408D-8C8C-09532533B8CE}
	EndGlobalSection
EndGlobal
